
Microsoft Visual Studio Solution File, Format Version 12.00
# Visual Studio Version 17
VisualStudioVersion = 17.8.34330.188
MinimumVisualStudioVersion = 10.0.40219.1
Project("{FAE04EC0-301F-11D3-BF4B-00C04F79EFBC}") = "TDD_UserManagement", "TDD_UserManagement\TDD_UserManagement.csproj", "{28966AFD-B6F2-4713-B878-44E37331837B}"
EndProject
Global
	GlobalSection(SolutionConfigurationPlatforms) = preSolution
		Debug|Any CPU = Debug|Any CPU
		Release|Any CPU = Release|Any CPU
	EndGlobalSection
	GlobalSection(ProjectConfigurationPlatforms) = postSolution
		{28966AFD-B6F2-4713-B878-44E37331837B}.Debug|Any CPU.ActiveCfg = Debug|Any CPU
		{28966AFD-B6F2-4713-B878-44E37331837B}.Debug|Any CPU.Build.0 = Debug|Any CPU
		{28966AFD-B6F2-4713-B878-44E37331837B}.Release|Any CPU.ActiveCfg = Release|Any CPU
		{28966AFD-B6F2-4713-B878-44E37331837B}.Release|Any CPU.Build.0 = Release|Any CPU
	EndGlobalSection
	GlobalSection(SolutionProperties) = preSolution
		HideSolutionNode = FALSE
	EndGlobalSection
	GlobalSection(ExtensibilityGlobals) = postSolution
		SolutionGuid = {24FE6C16-42DD-4CAE-9623-9182A1FC3B94}
	EndGlobalSection
EndGlobal
